# This file is automatically @generated by Cargo.
# It is not intended for manual editing.
[[package]]
name = "VariadicMonoids"
version = "0.1.0"
dependencies = [
 "tuple_list",
]

[[package]]
name = "tuple_list"
version = "0.1.2"
source = "registry+https://github.com/rust-lang/crates.io-index"
checksum = "a26b013bed18db8535254aa4ede6f4b1c414c1eca75c8f388fb78e632ec52763"
